{
    "name": "@fastly/cli",
    "version": "10.12.3",
    "lockfileVersion": 3,
    "requires": true,
    "packages": {
        "": {
            "name": "@fastly/cli",
            "version": "10.12.3",
            "license": "Apache-2.0",
            "bin": {
                "fastly": "fastly.js"
            },
            "devDependencies": {
                "@xhmikosr/decompress": "^11.1.3",
                "@xhmikosr/decompress-targz": "^9.0.1"
            },
            "engines": {
                "node": ">=16"
            }
        },
        "node_modules/@borewit/text-codec": {
            "version": "0.2.2",
            "resolved": "https://registry.npmjs.org/@borewit/text-codec/-/text-codec-0.2.2.tgz",
            "integrity": "sha512-DDaRehssg1aNrH4+2hnj1B7vnUGEjU6OIlyRdkMd0aUdIUvKXrJfXsy8LVtXAy7DRvYVluWbMspsRhz2lcW0mQ==",
            "dev": true,
            "license": "MIT",
            "funding": {
                "type": "github",
                "url": "https://github.com/sponsors/Borewit"
            }
        },
        "node_modules/@sec-ant/readable-stream": {
            "version": "0.4.1",
            "resolved": "https://registry.npmjs.org/@sec-ant/readable-stream/-/readable-stream-0.4.1.tgz",
            "integrity": "sha512-831qok9r2t8AlxLko40y2ebgSDhenenCatLVeW/uBtnHPyhHOvG0C7TvfgecV+wHzIm5KUICgzmVpWS+IMEAeg==",
            "dev": true,
            "license": "MIT"
        },
        "node_modules/@tokenizer/inflate": {
            "version": "0.4.1",
            "resolved": "https://registry.npmjs.org/@tokenizer/inflate/-/inflate-0.4.1.tgz",
            "integrity": "sha512-2mAv+8pkG6GIZiF1kNg1jAjh27IDxEPKwdGul3snfztFerfPGI1LjDezZp3i7BElXompqEtPmoPx6c2wgtWsOA==",
            "dev": true,
            "license": "MIT",
            "dependencies": {
                "debug": "^4.4.3",
                "token-types": "^6.1.1"
            },
            "engines": {
                "node": ">=18"
            },
            "funding": {
                "type": "github",
                "url": "https://github.com/sponsors/Borewit"
            }
        },
        "node_modules/@tokenizer/token": {
            "version": "0.3.0",
            "resolved": "https://registry.npmjs.org/@tokenizer/token/-/token-0.3.0.tgz",
            "integrity": "sha512-OvjF+z51L3ov0OyAU0duzsYuvO01PH7x4t6DJx+guahgTnBHkhJdG7soQeTSFLWN3efnHyibZ4Z8l2EuWwJN3A==",
            "dev": true,
            "license": "MIT"
        },
        "node_modules/@xhmikosr/decompress": {
            "version": "11.1.3",
            "resolved": "https://registry.npmjs.org/@xhmikosr/decompress/-/decompress-11.1.3.tgz",
            "integrity": "sha512-NiyhJq6z7ERsYghcnXZUI6ooDXgZtoB+G9eUsYhfSM4VLp2rKx9UxhKI1NEf1PqosrNPxG3bnSsr2UBVbNurlg==",
            "dev": true,
            "license": "MIT",
            "dependencies": {
                "@xhmikosr/decompress-tar": "^9.0.1",
                "@xhmikosr/decompress-tarbz2": "^9.0.1",
                "@xhmikosr/decompress-targz": "^9.0.1",
                "@xhmikosr/decompress-unzip": "^8.1.1",
                "graceful-fs": "^4.2.11",
                "strip-dirs": "^3.0.0"
            },
            "engines": {
                "node": ">=20"
            }
        },
        "node_modules/@xhmikosr/decompress-tar": {
            "version": "9.0.1",
            "resolved": "https://registry.npmjs.org/@xhmikosr/decompress-tar/-/decompress-tar-9.0.1.tgz",
            "integrity": "sha512-4AkVR1SoqTxYY22IRRYKDeLirPIDGqMqYsqgjKYuwhgRcBb+yDP4t5Xph33UCzL/nahK/aADmlMEjTNstbX7kw==",
            "dev": true,
            "license": "MIT",
            "dependencies": {
                "file-type": "^21.3.0",
                "is-stream": "^4.0.1",
                "tar-stream": "3.1.7"
            },
            "engines": {
                "node": ">=20"
            }
        },
        "node_modules/@xhmikosr/decompress-tar/node_modules/file-type": {
            "version": "21.3.4",
            "resolved": "https://registry.npmjs.org/file-type/-/file-type-21.3.4.tgz",
            "integrity": "sha512-Ievi/yy8DS3ygGvT47PjSfdFoX+2isQueoYP1cntFW1JLYAuS4GD7NUPGg4zv2iZfV52uDyk5w5Z0TdpRS6Q1g==",
            "dev": true,
            "license": "MIT",
            "dependencies": {
                "@tokenizer/inflate": "^0.4.1",
                "strtok3": "^10.3.4",
                "token-types": "^6.1.1",
                "uint8array-extras": "^1.4.0"
            },
            "engines": {
                "node": ">=20"
            },
            "funding": {
                "url": "https://github.com/sindresorhus/file-type?sponsor=1"
            }
        },
        "node_modules/@xhmikosr/decompress-tar/node_modules/is-stream": {
            "version": "4.0.1",
            "resolved": "https://registry.npmjs.org/is-stream/-/is-stream-4.0.1.tgz",
            "integrity": "sha512-Dnz92NInDqYckGEUJv689RbRiTSEHCQ7wOVeALbkOz999YpqT46yMRIGtSNl2iCL1waAZSx40+h59NV/EwzV/A==",
            "dev": true,
            "license": "MIT",
            "engines": {
                "node": ">=18"
            },
            "funding": {
                "url": "https://github.com/sponsors/sindresorhus"
            }
        },
        "node_modules/@xhmikosr/decompress-tar/node_modules/tar-stream": {
            "version": "3.1.7",
            "resolved": "https://registry.npmjs.org/tar-stream/-/tar-stream-3.1.7.tgz",
            "integrity": "sha512-qJj60CXt7IU1Ffyc3NJMjh6EkuCFej46zUqJ4J7pqYlThyd9bO0XBTmcOIhSzZJVWfsLks0+nle/j538YAW9RQ==",
            "dev": true,
            "license": "MIT",
            "dependencies": {
                "b4a": "^1.6.4",
                "fast-fifo": "^1.2.0",
                "streamx": "^2.15.0"
            }
        },
        "node_modules/@xhmikosr/decompress-tarbz2": {
            "version": "9.0.2",
            "resolved": "https://registry.npmjs.org/@xhmikosr/decompress-tarbz2/-/decompress-tarbz2-9.0.2.tgz",
            "integrity": "sha512-m0DvZhE7remCxtS8xY2iHSjivT4v+iyYDdfNoeuu8Nm+7g8xEXdLKSyDEicu4u1ImJLLGEfjMuTLera/F6UGWw==",
            "dev": true,
            "license": "MIT",
            "dependencies": {
                "@xhmikosr/decompress-tar": "^9.0.1",
                "file-type": "^21.3.4",
                "is-stream": "^4.0.1",
                "seek-bzip": "^2.0.0",
                "unbzip2-stream": "^1.4.3"
            },
            "engines": {
                "node": ">=20"
            }
        },
        "node_modules/@xhmikosr/decompress-tarbz2/node_modules/commander": {
            "version": "6.2.1",
            "resolved": "https://registry.npmjs.org/commander/-/commander-6.2.1.tgz",
            "integrity": "sha512-U7VdrJFnJgo4xjrHpTzu0yrHPGImdsmD95ZlgYSEajAn2JKzDhDTPG9kBTefmObL2w/ngeZnilk+OV9CG3d7UA==",
            "dev": true,
            "license": "MIT",
            "engines": {
                "node": ">= 6"
            }
        },
        "node_modules/@xhmikosr/decompress-tarbz2/node_modules/file-type": {
            "version": "21.3.4",
            "resolved": "https://registry.npmjs.org/file-type/-/file-type-21.3.4.tgz",
            "integrity": "sha512-Ievi/yy8DS3ygGvT47PjSfdFoX+2isQueoYP1cntFW1JLYAuS4GD7NUPGg4zv2iZfV52uDyk5w5Z0TdpRS6Q1g==",
            "dev": true,
            "license": "MIT",
            "dependencies": {
                "@tokenizer/inflate": "^0.4.1",
                "strtok3": "^10.3.4",
                "token-types": "^6.1.1",
                "uint8array-extras": "^1.4.0"
            },
            "engines": {
                "node": ">=20"
            },
            "funding": {
                "url": "https://github.com/sindresorhus/file-type?sponsor=1"
            }
        },
        "node_modules/@xhmikosr/decompress-tarbz2/node_modules/is-stream": {
            "version": "4.0.1",
            "resolved": "https://registry.npmjs.org/is-stream/-/is-stream-4.0.1.tgz",
            "integrity": "sha512-Dnz92NInDqYckGEUJv689RbRiTSEHCQ7wOVeALbkOz999YpqT46yMRIGtSNl2iCL1waAZSx40+h59NV/EwzV/A==",
            "dev": true,
            "license": "MIT",
            "engines": {
                "node": ">=18"
            },
            "funding": {
                "url": "https://github.com/sponsors/sindresorhus"
            }
        },
        "node_modules/@xhmikosr/decompress-tarbz2/node_modules/seek-bzip": {
            "version": "2.0.0",
            "resolved": "https://registry.npmjs.org/seek-bzip/-/seek-bzip-2.0.0.tgz",
            "integrity": "sha512-SMguiTnYrhpLdk3PwfzHeotrcwi8bNV4iemL9tx9poR/yeaMYwB9VzR1w7b57DuWpuqR8n6oZboi0hj3AxZxQg==",
            "dev": true,
            "license": "MIT",
            "dependencies": {
                "commander": "^6.0.0"
            },
            "bin": {
                "seek-bunzip": "bin/seek-bunzip",
                "seek-table": "bin/seek-bzip-table"
            }
        },
        "node_modules/@xhmikosr/decompress-targz": {
            "version": "9.0.1",
            "resolved": "https://registry.npmjs.org/@xhmikosr/decompress-targz/-/decompress-targz-9.0.1.tgz",
            "integrity": "sha512-1JXu2b6yrpm5EuBoOzMU57B4qrHXJKWQQ7LlMynNEiz85mEjDciO3ayf//GXaTLLCEKiHjWlU3q3THjgf7uODA==",
            "dev": true,
            "license": "MIT",
            "dependencies": {
                "@xhmikosr/decompress-tar": "^9.0.0",
                "file-type": "^21.3.0",
                "is-stream": "^4.0.1"
            },
            "engines": {
                "node": ">=20"
            }
        },
        "node_modules/@xhmikosr/decompress-targz/node_modules/file-type": {
            "version": "21.3.4",
            "resolved": "https://registry.npmjs.org/file-type/-/file-type-21.3.4.tgz",
            "integrity": "sha512-Ievi/yy8DS3ygGvT47PjSfdFoX+2isQueoYP1cntFW1JLYAuS4GD7NUPGg4zv2iZfV52uDyk5w5Z0TdpRS6Q1g==",
            "dev": true,
            "license": "MIT",
            "dependencies": {
                "@tokenizer/inflate": "^0.4.1",
                "strtok3": "^10.3.4",
                "token-types": "^6.1.1",
                "uint8array-extras": "^1.4.0"
            },
            "engines": {
                "node": ">=20"
            },
            "funding": {
                "url": "https://github.com/sindresorhus/file-type?sponsor=1"
            }
        },
        "node_modules/@xhmikosr/decompress-targz/node_modules/is-stream": {
            "version": "4.0.1",
            "resolved": "https://registry.npmjs.org/is-stream/-/is-stream-4.0.1.tgz",
            "integrity": "sha512-Dnz92NInDqYckGEUJv689RbRiTSEHCQ7wOVeALbkOz999YpqT46yMRIGtSNl2iCL1waAZSx40+h59NV/EwzV/A==",
            "dev": true,
            "license": "MIT",
            "engines": {
                "node": ">=18"
            },
            "funding": {
                "url": "https://github.com/sponsors/sindresorhus"
            }
        },
        "node_modules/@xhmikosr/decompress-unzip": {
            "version": "8.2.1",
            "resolved": "https://registry.npmjs.org/@xhmikosr/decompress-unzip/-/decompress-unzip-8.2.1.tgz",
            "integrity": "sha512-2MS94QnmXQwjkKN8WyFiu1sU7J3rcWJcMze4kRYsX7tN+CXpUGECgkh4YSOhujpkWPuVlFudIziJHO/TxOqkQQ==",
            "dev": true,
            "license": "MIT",
            "dependencies": {
                "file-type": "^21.3.4",
                "get-stream": "^9.0.1",
                "yauzl": "^3.4.0"
            },
            "engines": {
                "node": ">=20"
            }
        },
        "node_modules/@xhmikosr/decompress-unzip/node_modules/file-type": {
            "version": "21.3.4",
            "resolved": "https://registry.npmjs.org/file-type/-/file-type-21.3.4.tgz",
            "integrity": "sha512-Ievi/yy8DS3ygGvT47PjSfdFoX+2isQueoYP1cntFW1JLYAuS4GD7NUPGg4zv2iZfV52uDyk5w5Z0TdpRS6Q1g==",
            "dev": true,
            "license": "MIT",
            "dependencies": {
                "@tokenizer/inflate": "^0.4.1",
                "strtok3": "^10.3.4",
                "token-types": "^6.1.1",
                "uint8array-extras": "^1.4.0"
            },
            "engines": {
                "node": ">=20"
            },
            "funding": {
                "url": "https://github.com/sindresorhus/file-type?sponsor=1"
            }
        },
        "node_modules/@xhmikosr/decompress-unzip/node_modules/get-stream": {
            "version": "9.0.1",
            "resolved": "https://registry.npmjs.org/get-stream/-/get-stream-9.0.1.tgz",
            "integrity": "sha512-kVCxPF3vQM/N0B1PmoqVUqgHP+EeVjmZSQn+1oCRPxd2P21P2F19lIgbR3HBosbB1PUhOAoctJnfEn2GbN2eZA==",
            "dev": true,
            "license": "MIT",
            "dependencies": {
                "@sec-ant/readable-stream": "^0.4.1",
                "is-stream": "^4.0.1"
            },
            "engines": {
                "node": ">=18"
            },
            "funding": {
                "url": "https://github.com/sponsors/sindresorhus"
            }
        },
        "node_modules/@xhmikosr/decompress-unzip/node_modules/is-stream": {
            "version": "4.0.1",
            "resolved": "https://registry.npmjs.org/is-stream/-/is-stream-4.0.1.tgz",
            "integrity": "sha512-Dnz92NInDqYckGEUJv689RbRiTSEHCQ7wOVeALbkOz999YpqT46yMRIGtSNl2iCL1waAZSx40+h59NV/EwzV/A==",
            "dev": true,
            "license": "MIT",
            "engines": {
                "node": ">=18"
            },
            "funding": {
                "url": "https://github.com/sponsors/sindresorhus"
            }
        },
        "node_modules/@xhmikosr/decompress-unzip/node_modules/yauzl": {
            "version": "3.4.0",
            "resolved": "https://registry.npmjs.org/yauzl/-/yauzl-3.4.0.tgz",
            "integrity": "sha512-jIH9yLR9wqr0wOS0TpBvo/g/2UgZH5qePVbjgRliiF0BYvOZyaBknKsF+x9Iht0O6sqgnB93rCICdOZFecJuDw==",
            "dev": true,
            "license": "MIT",
            "dependencies": {
                "pend": "~1.2.0"
            },
            "engines": {
                "node": ">=12"
            }
        },
        "node_modules/@xhmikosr/decompress/node_modules/strip-dirs": {
            "version": "3.0.0",
            "resolved": "https://registry.npmjs.org/strip-dirs/-/strip-dirs-3.0.0.tgz",
            "integrity": "sha512-I0sdgcFTfKQlUPZyAqPJmSG3HLO9rWDFnxonnIbskYNM3DwFOeTNB5KzVq3dA1GdRAc/25b5Y7UO2TQfKWw4aQ==",
            "dev": true,
            "license": "ISC",
            "dependencies": {
                "inspect-with-kind": "^1.0.5",
                "is-plain-obj": "^1.1.0"
            }
        },
        "node_modules/b4a": {
            "version": "1.8.1",
            "resolved": "https://registry.npmjs.org/b4a/-/b4a-1.8.1.tgz",
            "integrity": "sha512-aiqre1Nr0B/6DgE2N5vwTc+2/oQZ4Wh1t4NznYY4E00y8LCt6NqdRv81so00oo27D8MVKTpUa/MwUUtBLXCoDw==",
            "dev": true,
            "license": "Apache-2.0",
            "peerDependencies": {
                "react-native-b4a": "*"
            },
            "peerDependenciesMeta": {
                "react-native-b4a": {
                    "optional": true
                }
            }
        },
        "node_modules/bare-events": {
            "version": "2.9.1",
            "resolved": "https://registry.npmjs.org/bare-events/-/bare-events-2.9.1.tgz",
            "integrity": "sha512-Z0oHEHAFDZkffN8Qc39zNZjQlMDkPJRyyyZieU1VH7u8c5S+qHZ2S8ixdKIAxEjfHO7FJxXmJWgteOghVanIsg==",
            "dev": true,
            "license": "Apache-2.0",
            "peerDependencies": {
                "bare-abort-controller": "*"
            },
            "peerDependenciesMeta": {
                "bare-abort-controller": {
                    "optional": true
                }
            }
        },
        "node_modules/base64-js": {
            "version": "1.5.1",
            "resolved": "https://registry.npmjs.org/base64-js/-/base64-js-1.5.1.tgz",
            "integrity": "sha512-AKpaYlHn8t4SVbOHCy+b5+KKgvR4vrsD8vbvrbiQJps7fKDTkjkDry6ji0rUJjC0kzbNePLwzxq8iypo41qeWA==",
            "dev": true,
            "funding": [
                {
                    "type": "github",
                    "url": "https://github.com/sponsors/feross"
                },
                {
                    "type": "patreon",
                    "url": "https://www.patreon.com/feross"
                },
                {
                    "type": "consulting",
                    "url": "https://feross.org/support"
                }
            ]
        },
        "node_modules/buffer": {
            "version": "5.7.1",
            "resolved": "https://registry.npmjs.org/buffer/-/buffer-5.7.1.tgz",
            "integrity": "sha512-EHcyIPBQ4BSGlvjB16k5KgAJ27CIsHY/2JBmCRReo48y9rQ3MaUzWX3KVlBa4U7MyX02HdVj0K7C3WaB3ju7FQ==",
            "dev": true,
            "funding": [
                {
                    "type": "github",
                    "url": "https://github.com/sponsors/feross"
                },
                {
                    "type": "patreon",
                    "url": "https://www.patreon.com/feross"
                },
                {
                    "type": "consulting",
                    "url": "https://feross.org/support"
                }
            ],
            "dependencies": {
                "base64-js": "^1.3.1",
                "ieee754": "^1.1.13"
            }
        },
        "node_modules/debug": {
            "version": "4.4.3",
            "resolved": "https://registry.npmjs.org/debug/-/debug-4.4.3.tgz",
            "integrity": "sha512-RGwwWnwQvkVfavKVt22FGLw+xYSdzARwm0ru6DhTVA3umU5hZc28V3kO4stgYryrTlLpuvgI9GiijltAjNbcqA==",
            "dev": true,
            "license": "MIT",
            "dependencies": {
                "ms": "^2.1.3"
            },
            "engines": {
                "node": ">=6.0"
            },
            "peerDependenciesMeta": {
                "supports-color": {
                    "optional": true
                }
            }
        },
        "node_modules/events-universal": {
            "version": "1.0.1",
            "resolved": "https://registry.npmjs.org/events-universal/-/events-universal-1.0.1.tgz",
            "integrity": "sha512-LUd5euvbMLpwOF8m6ivPCbhQeSiYVNb8Vs0fQ8QjXo0JTkEHpz8pxdQf0gStltaPpw0Cca8b39KxvK9cfKRiAw==",
            "dev": true,
            "license": "Apache-2.0",
            "dependencies": {
                "bare-events": "^2.7.0"
            }
        },
        "node_modules/fast-fifo": {
            "version": "1.3.2",
            "resolved": "https://registry.npmjs.org/fast-fifo/-/fast-fifo-1.3.2.tgz",
            "integrity": "sha512-/d9sfos4yxzpwkDkuN7k2SqFKtYNmCTzgfEpz82x34IM9/zc8KGxQoXg1liNC/izpRM/MBdt44Nmx41ZWqk+FQ==",
            "dev": true,
            "license": "MIT"
        },
        "node_modules/graceful-fs": {
            "version": "4.2.11",
            "resolved": "https://registry.npmjs.org/graceful-fs/-/graceful-fs-4.2.11.tgz",
            "integrity": "sha512-RbJ5/jmFcNNCcDV5o9eTnBLJ/HszWV0P73bc+Ff4nS/rJj+YaS6IGyiOL0VoBYX+l1Wrl3k63h/KrH+nhJ0XvQ==",
            "dev": true
        },
        "node_modules/ieee754": {
            "version": "1.2.1",
            "resolved": "https://registry.npmjs.org/ieee754/-/ieee754-1.2.1.tgz",
            "integrity": "sha512-dcyqhDvX1C46lXZcVqCpK+FtMRQVdIMN6/Df5js2zouUsqG7I6sFxitIC+7KYK29KdXOLHdu9zL4sFnoVQnqaA==",
            "dev": true,
            "funding": [
                {
                    "type": "github",
                    "url": "https://github.com/sponsors/feross"
                },
                {
                    "type": "patreon",
                    "url": "https://www.patreon.com/feross"
                },
                {
                    "type": "consulting",
                    "url": "https://feross.org/support"
                }
            ]
        },
        "node_modules/inspect-with-kind": {
            "version": "1.0.5",
            "resolved": "https://registry.npmjs.org/inspect-with-kind/-/inspect-with-kind-1.0.5.tgz",
            "integrity": "sha512-MAQUJuIo7Xqk8EVNP+6d3CKq9c80hi4tjIbIAT6lmGW9W6WzlHiu9PS8uSuUYU+Do+j1baiFp3H25XEVxDIG2g==",
            "dev": true,
            "license": "ISC",
            "dependencies": {
                "kind-of": "^6.0.2"
            }
        },
        "node_modules/is-plain-obj": {
            "version": "1.1.0",
            "resolved": "https://registry.npmjs.org/is-plain-obj/-/is-plain-obj-1.1.0.tgz",
            "integrity": "sha512-yvkRyxmFKEOQ4pNXCmJG5AEQNlXJS5LaONXo5/cLdTZdWvsZ1ioJEonLGAosKlMWE8lwUy/bJzMjcw8az73+Fg==",
            "dev": true,
            "license": "MIT",
            "engines": {
                "node": ">=0.10.0"
            }
        },
        "node_modules/kind-of": {
            "version": "6.0.3",
            "resolved": "https://registry.npmjs.org/kind-of/-/kind-of-6.0.3.tgz",
            "integrity": "sha512-dcS1ul+9tmeD95T+x28/ehLgd9mENa3LsvDTtzm3vyBEO7RPptvAD+t44WVXaUjTBRcrpFeFlC8WCruUR456hw==",
            "dev": true,
            "license": "MIT",
            "engines": {
                "node": ">=0.10.0"
            }
        },
        "node_modules/ms": {
            "version": "2.1.3",
            "resolved": "https://registry.npmjs.org/ms/-/ms-2.1.3.tgz",
            "integrity": "sha512-6FlzubTLZG3J2a/NVCAleEhjzq5oxgHyaCU9yYXvcLsvoVaHJq/s5xXI6/XXP6tz7R9xAOtHnSO/tXtF3WRTlA==",
            "dev": true,
            "license": "MIT"
        },
        "node_modules/pend": {
            "version": "1.2.0",
            "resolved": "https://registry.npmjs.org/pend/-/pend-1.2.0.tgz",
            "integrity": "sha512-F3asv42UuXchdzt+xXqfW1OGlVBe+mxa2mqI0pg5yAHZPvFmY3Y6drSf/GQ1A86WgWEN9Kzh/WrgKa6iGcHXLg==",
            "dev": true
        },
        "node_modules/streamx": {
            "version": "2.28.0",
            "resolved": "https://registry.npmjs.org/streamx/-/streamx-2.28.0.tgz",
            "integrity": "sha512-1Yowhzjf0ivGMrTIkY9hav5TxobO9qIVqUE41fiCGMGgc3CLlf4MY+9AHmZqBWgDTue0fY9zWjYFVyf6Diuobw==",
            "dev": true,
            "license": "MIT",
            "dependencies": {
                "events-universal": "^1.0.0",
                "fast-fifo": "^1.3.2",
                "text-decoder": "^1.1.0"
            }
        },
        "node_modules/strtok3": {
            "version": "10.3.5",
            "resolved": "https://registry.npmjs.org/strtok3/-/strtok3-10.3.5.tgz",
            "integrity": "sha512-ki4hZQfh5rX0QDLLkOCj+h+CVNkqmp/CMf8v8kZpkNVK6jGQooMytqzLZYUVYIZcFZ6yDB70EfD8POcFXiF5oA==",
            "dev": true,
            "license": "MIT",
            "dependencies": {
                "@tokenizer/token": "^0.3.0"
            },
            "engines": {
                "node": ">=18"
            },
            "funding": {
                "type": "github",
                "url": "https://github.com/sponsors/Borewit"
            }
        },
        "node_modules/text-decoder": {
            "version": "1.2.7",
            "resolved": "https://registry.npmjs.org/text-decoder/-/text-decoder-1.2.7.tgz",
            "integrity": "sha512-vlLytXkeP4xvEq2otHeJfSQIRyWxo/oZGEbXrtEEF9Hnmrdly59sUbzZ/QgyWuLYHctCHxFF4tRQZNQ9k60ExQ==",
            "dev": true,
            "license": "Apache-2.0",
            "dependencies": {
                "b4a": "^1.6.4"
            }
        },
        "node_modules/through": {
            "version": "2.3.8",
            "resolved": "https://registry.npmjs.org/through/-/through-2.3.8.tgz",
            "integrity": "sha512-w89qg7PI8wAdvX60bMDP+bFoD5Dvhm9oLheFp5O4a2QF0cSBGsBX4qZmadPMvVqlLJBBci+WqGGOAPvcDeNSVg==",
            "dev": true
        },
        "node_modules/token-types": {
            "version": "6.1.2",
            "resolved": "https://registry.npmjs.org/token-types/-/token-types-6.1.2.tgz",
            "integrity": "sha512-dRXchy+C0IgK8WPC6xvCHFRIWYUbqqdEIKPaKo/AcTUNzwLTK6AH7RjdLWsEZcAN/TBdtfUw3PYEgPr5VPr6ww==",
            "dev": true,
            "license": "MIT",
            "dependencies": {
                "@borewit/text-codec": "^0.2.1",
                "@tokenizer/token": "^0.3.0",
                "ieee754": "^1.2.1"
            },
            "engines": {
                "node": ">=14.16"
            },
            "funding": {
                "type": "github",
                "url": "https://github.com/sponsors/Borewit"
            }
        },
        "node_modules/uint8array-extras": {
            "version": "1.5.0",
            "resolved": "https://registry.npmjs.org/uint8array-extras/-/uint8array-extras-1.5.0.tgz",
            "integrity": "sha512-rvKSBiC5zqCCiDZ9kAOszZcDvdAHwwIKJG33Ykj43OKcWsnmcBRL09YTU4nOeHZ8Y2a7l1MgTd08SBe9A8Qj6A==",
            "dev": true,
            "license": "MIT",
            "engines": {
                "node": ">=18"
            },
            "funding": {
                "url": "https://github.com/sponsors/sindresorhus"
            }
        },
        "node_modules/unbzip2-stream": {
            "version": "1.4.3",
            "resolved": "https://registry.npmjs.org/unbzip2-stream/-/unbzip2-stream-1.4.3.tgz",
            "integrity": "sha512-mlExGW4w71ebDJviH16lQLtZS32VKqsSfk80GCfUlwT/4/hNRFsoscrF/c++9xinkMzECL1uL9DDwXqFWkruPg==",
            "dev": true,
            "dependencies": {
                "buffer": "^5.2.1",
                "through": "^2.3.8"
            }
        }
    }
}
